
Microsoft Visual Studio Solution File, Format Version 12.00
# Visual Studio 15
VisualStudioVersion = 15.0.27130.2010
MinimumVisualStudioVersion = 10.0.40219.1
Project("{E24C65DC-7377-472B-9ABA-BC803B73C61A}") = "TheKCClassic", ".", "{0B189971-4F13-4984-B153-989268B67CFD}"
	ProjectSection(WebsiteProperties) = preProject
		TargetFrameworkMoniker = ".NETFramework,Version%3Dv4.0"
		Debug.AspNetCompiler.VirtualPath = "/KCClassic"
		Debug.AspNetCompiler.PhysicalPath = "..\TheKCClassic\"
		Debug.AspNetCompiler.TargetPath = "PrecompiledWeb\KCClassic\"
		Debug.AspNetCompiler.Updateable = "true"
		Debug.AspNetCompiler.ForceOverwrite = "true"
		Debug.AspNetCompiler.FixedNames = "false"
		Debug.AspNetCompiler.Debug = "True"
		Release.AspNetCompiler.VirtualPath = "/KCClassic"
		Release.AspNetCompiler.PhysicalPath = "..\TheKCClassic\"
		Release.AspNetCompiler.TargetPath = "PrecompiledWeb\KCClassic\"
		Release.AspNetCompiler.Updateable = "true"
		Release.AspNetCompiler.ForceOverwrite = "true"
		Release.AspNetCompiler.FixedNames = "false"
		Release.AspNetCompiler.Debug = "False"
		VWDPort = "49625"
		SlnRelativePath = "..\TheKCClassic\"
	EndProjectSection
EndProject
Global
	GlobalSection(SolutionConfigurationPlatforms) = preSolution
		Debug|.NET = Debug|.NET
	EndGlobalSection
	GlobalSection(ProjectConfigurationPlatforms) = postSolution
		{0B189971-4F13-4984-B153-989268B67CFD}.Debug|.NET.ActiveCfg = Debug|Any CPU
	EndGlobalSection
	GlobalSection(SolutionProperties) = preSolution
		HideSolutionNode = FALSE
	EndGlobalSection
	GlobalSection(ExtensibilityGlobals) = postSolution
		SolutionGuid = {4125770A-7EAE-4074-BACB-7FBA807E9A63}
	EndGlobalSection
EndGlobal
